// !$*UTF8*$!
{
	archiveVersion = 1;
	classes = {
	};
	objectVersion = 48;
	objects = {

/* Begin PBXBuildFile section */
		EA0FF0642023FAE100688BC6 /* AppDelegate.swift in Sources */ = {isa = PBXBuildFile; fileRef = EA0FF0632023FAE100688BC6 /* AppDelegate.swift */; };
		EA0FF0692023FAE100688BC6 /* ChooseEmotion.storyboard in Resources */ = {isa = PBXBuildFile; fileRef = EA0FF0672023FAE100688BC6 /* ChooseEmotion.storyboard */; };
		EA0FF06B2023FAE100688BC6 /* Assets.xcassets in Resources */ = {isa = PBXBuildFile; fileRef = EA0FF06A2023FAE100688BC6 /* Assets.xcassets */; };
		EA0FF06E2023FAE100688BC6 /* LaunchScreen.storyboard in Resources */ = {isa = PBXBuildFile; fileRef = EA0FF06C2023FAE100688BC6 /* LaunchScreen.storyboard */; };
		EA0FF0792023FAE200688BC6 /* Marcus_Jr__MeditationsTests.swift in Sources */ = {isa = PBXBuildFile; fileRef = EA0FF0782023FAE200688BC6 /* Marcus_Jr__MeditationsTests.swift */; };
		EA0FF08620240CCF00688BC6 /* EmotionsViewController.swift in Sources */ = {isa = PBXBuildFile; fileRef = EA0FF08520240CCF00688BC6 /* EmotionsViewController.swift */; };
		EA0FF08B2024141900688BC6 /* EmotionCell.swift in Sources */ = {isa = PBXBuildFile; fileRef = EA0FF0892024141900688BC6 /* EmotionCell.swift */; };
		EA0FF09020241D3300688BC6 /* EmotionModel.swift in Sources */ = {isa = PBXBuildFile; fileRef = EA0FF08F20241D3300688BC6 /* EmotionModel.swift */; };
		EA0FF094202AC6B200688BC6 /* MeditationListTableController.swift in Sources */ = {isa = PBXBuildFile; fileRef = EA0FF093202AC6B200688BC6 /* MeditationListTableController.swift */; };
		EA0FF096202AE26400688BC6 /* DailyMeditationCell.swift in Sources */ = {isa = PBXBuildFile; fileRef = EA0FF095202AE26400688BC6 /* DailyMeditationCell.swift */; };
		EA0FF098202C181A00688BC6 /* Localizable.strings in Resources */ = {isa = PBXBuildFile; fileRef = EA0FF097202C181A00688BC6 /* Localizable.strings */; };
		EA1D07D4205DD19E007D973A /* MeditationModel.swift in Sources */ = {isa = PBXBuildFile; fileRef = EA1D07D3205DD19E007D973A /* MeditationModel.swift */; };
		EA1D07D6205EED7C007D973A /* MeditationListModel.swift in Sources */ = {isa = PBXBuildFile; fileRef = EA1D07D5205EED7C007D973A /* MeditationListModel.swift */; };
		EA1D07D8205F4A84007D973A /* DailyExerciseContainerViewController.swift in Sources */ = {isa = PBXBuildFile; fileRef = EA1D07D7205F4A84007D973A /* DailyExerciseContainerViewController.swift */; };
		EA2B19BF2055B4380088AAC5 /* PickerViewController.swift in Sources */ = {isa = PBXBuildFile; fileRef = EA2B19BE2055B4380088AAC5 /* PickerViewController.swift */; };
		EA2B19C12055E2FC0088AAC5 /* MeditationTimesTableViewController.swift in Sources */ = {isa = PBXBuildFile; fileRef = EA2B19C02055E2FC0088AAC5 /* MeditationTimesTableViewController.swift */; };
		EA2B19C32055E7E70088AAC5 /* MeditationTimesModel.swift in Sources */ = {isa = PBXBuildFile; fileRef = EA2B19C22055E7E70088AAC5 /* MeditationTimesModel.swift */; };
		EA3E5C092041467700CC7BCE /* OpeningViewController.swift in Sources */ = {isa = PBXBuildFile; fileRef = EA3E5C082041467700CC7BCE /* OpeningViewController.swift */; };
		EA5106AF2037ED21003135BA /* SanFranciscoText-MediumItalic.otf in Resources */ = {isa = PBXBuildFile; fileRef = EA51069A2037ED1E003135BA /* SanFranciscoText-MediumItalic.otf */; };
		EA5106B02037ED21003135BA /* SanFranciscoDisplay-Medium.otf in Resources */ = {isa = PBXBuildFile; fileRef = EA51069B2037ED1E003135BA /* SanFranciscoDisplay-Medium.otf */; };
		EA5106B12037ED21003135BA /* SanFranciscoText-RegularItalic.otf in Resources */ = {isa = PBXBuildFile; fileRef = EA51069C2037ED1E003135BA /* SanFranciscoText-RegularItalic.otf */; };
		EA5106B22037ED21003135BA /* SanFranciscoText-Semibold.otf in Resources */ = {isa = PBXBuildFile; fileRef = EA51069D2037ED1F003135BA /* SanFranciscoText-Semibold.otf */; };
		EA5106B32037ED21003135BA /* SanFranciscoDisplay-Black.otf in Resources */ = {isa = PBXBuildFile; fileRef = EA51069E2037ED1F003135BA /* SanFranciscoDisplay-Black.otf */; };
		EA5106B42037ED21003135BA /* SanFranciscoDisplay-Regular.otf in Resources */ = {isa = PBXBuildFile; fileRef = EA51069F2037ED1F003135BA /* SanFranciscoDisplay-Regular.otf */; };
		EA5106B52037ED21003135BA /* SanFranciscoText-Regular.otf in Resources */ = {isa = PBXBuildFile; fileRef = EA5106A02037ED1F003135BA /* SanFranciscoText-Regular.otf */; };
		EA5106B62037ED21003135BA /* SanFranciscoText-BoldItalic.otf in Resources */ = {isa = PBXBuildFile; fileRef = EA5106A12037ED1F003135BA /* SanFranciscoText-BoldItalic.otf */; };
		EA5106B72037ED21003135BA /* SanFranciscoDisplay-Heavy.otf in Resources */ = {isa = PBXBuildFile; fileRef = EA5106A22037ED1F003135BA /* SanFranciscoDisplay-Heavy.otf */; };
		EA5106B82037ED21003135BA /* SanFranciscoDisplay-Thin.otf in Resources */ = {isa = PBXBuildFile; fileRef = EA5106A32037ED20003135BA /* SanFranciscoDisplay-Thin.otf */; };
		EA5106B92037ED21003135BA /* SanFranciscoDisplay-Light.otf in Resources */ = {isa = PBXBuildFile; fileRef = EA5106A42037ED20003135BA /* SanFranciscoDisplay-Light.otf */; };
		EA5106BA2037ED21003135BA /* SanFranciscoDisplay-Bold.otf in Resources */ = {isa = PBXBuildFile; fileRef = EA5106A52037ED20003135BA /* SanFranciscoDisplay-Bold.otf */; };
		EA5106BB2037ED21003135BA /* SanFranciscoDisplay-Ultralight.otf in Resources */ = {isa = PBXBuildFile; fileRef = EA5106A62037ED20003135BA /* SanFranciscoDisplay-Ultralight.otf */; };
		EA5106BC2037ED21003135BA /* SanFranciscoText-Light.otf in Resources */ = {isa = PBXBuildFile; fileRef = EA5106A72037ED20003135BA /* SanFranciscoText-Light.otf */; };
		EA5106BD2037ED21003135BA /* SanFranciscoText-LightItalic.otf in Resources */ = {isa = PBXBuildFile; fileRef = EA5106A82037ED20003135BA /* SanFranciscoText-LightItalic.otf */; };
		EA5106BE2037ED21003135BA /* SanFranciscoText-HeavyItalic.otf in Resources */ = {isa = PBXBuildFile; fileRef = EA5106A92037ED20003135BA /* SanFranciscoText-HeavyItalic.otf */; };
		EA5106BF2037ED21003135BA /* SanFranciscoText-Medium.otf in Resources */ = {isa = PBXBuildFile; fileRef = EA5106AA2037ED20003135BA /* SanFranciscoText-Medium.otf */; };
		EA5106C02037ED21003135BA /* SanFranciscoText-SemiboldItalic.otf in Resources */ = {isa = PBXBuildFile; fileRef = EA5106AB2037ED21003135BA /* SanFranciscoText-SemiboldItalic.otf */; };
		EA5106C12037ED21003135BA /* SanFranciscoText-Bold.otf in Resources */ = {isa = PBXBuildFile; fileRef = EA5106AC2037ED21003135BA /* SanFranciscoText-Bold.otf */; };
		EA5106C22037ED21003135BA /* SanFranciscoDisplay-Semibold.otf in Resources */ = {isa = PBXBuildFile; fileRef = EA5106AD2037ED21003135BA /* SanFranciscoDisplay-Semibold.otf */; };
		EA5106C32037ED21003135BA /* SanFranciscoText-Heavy.otf in Resources */ = {isa = PBXBuildFile; fileRef = EA5106AE2037ED21003135BA /* SanFranciscoText-Heavy.otf */; };
		EA723E70203005A600E09C48 /* MeditationListConfiguration.swift in Sources */ = {isa = PBXBuildFile; fileRef = EA723E6F203005A600E09C48 /* MeditationListConfiguration.swift */; };
		EA7BE0012038119700072AFE /* DailyExerciseViewController.swift in Sources */ = {isa = PBXBuildFile; fileRef = EA7BE0002038119700072AFE /* DailyExerciseViewController.swift */; };
		EAC2F203203BA2A9007D97FC /* NotificationsReceiver.swift in Sources */ = {isa = PBXBuildFile; fileRef = EAC2F202203BA2A9007D97FC /* NotificationsReceiver.swift */; };
		EAC2F205203BAB5D007D97FC /* NotificationsVCProtocol.swift in Sources */ = {isa = PBXBuildFile; fileRef = EAC2F204203BAB5C007D97FC /* NotificationsVCProtocol.swift */; };
/* End PBXBuildFile section */

/* Begin PBXContainerItemProxy section */
		EA0FF0752023FAE200688BC6 /* PBXContainerItemProxy */ = {
			isa = PBXContainerItemProxy;
			containerPortal = EA0FF0582023FAE100688BC6 /* Project object */;
			proxyType = 1;
			remoteGlobalIDString = EA0FF05F2023FAE100688BC6;
			remoteInfo = "Marcus Jr. Meditations";
		};
/* End PBXContainerItemProxy section */

/* Begin PBXFileReference section */
		EA0FF0602023FAE100688BC6 /* Marcus Jr. Meditations.app */ = {isa = PBXFileReference; explicitFileType = wrapper.application; includeInIndex = 0; path = "Marcus Jr. Meditations.app"; sourceTree = BUILT_PRODUCTS_DIR; };
		EA0FF0632023FAE100688BC6 /* AppDelegate.swift */ = {isa = PBXFileReference; lastKnownFileType = sourcecode.swift; path = AppDelegate.swift; sourceTree = "<group>"; };
		EA0FF0682023FAE100688BC6 /* Base */ = {isa = PBXFileReference; lastKnownFileType = file.storyboard; name = Base; path = Base.lproj/ChooseEmotion.storyboard; sourceTree = "<group>"; };
		EA0FF06A2023FAE100688BC6 /* Assets.xcassets */ = {isa = PBXFileReference; lastKnownFileType = folder.assetcatalog; path = Assets.xcassets; sourceTree = "<group>"; };
		EA0FF06D2023FAE100688BC6 /* Base */ = {isa = PBXFileReference; lastKnownFileType = file.storyboard; name = Base; path = Base.lproj/LaunchScreen.storyboard; sourceTree = "<group>"; };
		EA0FF06F2023FAE100688BC6 /* Info.plist */ = {isa = PBXFileReference; lastKnownFileType = text.plist.xml; path = Info.plist; sourceTree = "<group>"; };
		EA0FF0742023FAE200688BC6 /* Marcus Jr. MeditationsTests.xctest */ = {isa = PBXFileReference; explicitFileType = wrapper.cfbundle; includeInIndex = 0; path = "Marcus Jr. MeditationsTests.xctest"; sourceTree = BUILT_PRODUCTS_DIR; };
		EA0FF0782023FAE200688BC6 /* Marcus_Jr__MeditationsTests.swift */ = {isa = PBXFileReference; lastKnownFileType = sourcecode.swift; path = Marcus_Jr__MeditationsTests.swift; sourceTree = "<group>"; };
		EA0FF07A2023FAE200688BC6 /* Info.plist */ = {isa = PBXFileReference; lastKnownFileType = text.plist.xml; path = Info.plist; sourceTree = "<group>"; };
		EA0FF08520240CCF00688BC6 /* EmotionsViewController.swift */ = {isa = PBXFileReference; lastKnownFileType = sourcecode.swift; path = EmotionsViewController.swift; sourceTree = "<group>"; };
		EA0FF0892024141900688BC6 /* EmotionCell.swift */ = {isa = PBXFileReference; lastKnownFileType = sourcecode.swift; path = EmotionCell.swift; sourceTree = "<group>"; };
		EA0FF08F20241D3300688BC6 /* EmotionModel.swift */ = {isa = PBXFileReference; lastKnownFileType = sourcecode.swift; path = EmotionModel.swift; sourceTree = "<group>"; };
		EA0FF093202AC6B200688BC6 /* MeditationListTableController.swift */ = {isa = PBXFileReference; lastKnownFileType = sourcecode.swift; path = MeditationListTableController.swift; sourceTree = "<group>"; };
		EA0FF095202AE26400688BC6 /* DailyMeditationCell.swift */ = {isa = PBXFileReference; lastKnownFileType = sourcecode.swift; path = DailyMeditationCell.swift; sourceTree = "<group>"; };
		EA0FF097202C181A00688BC6 /* Localizable.strings */ = {isa = PBXFileReference; lastKnownFileType = text.plist.strings; path = Localizable.strings; sourceTree = "<group>"; };
		EA1D07D3205DD19E007D973A /* MeditationModel.swift */ = {isa = PBXFileReference; lastKnownFileType = sourcecode.swift; path = MeditationModel.swift; sourceTree = "<group>"; };
		EA1D07D5205EED7C007D973A /* MeditationListModel.swift */ = {isa = PBXFileReference; lastKnownFileType = sourcecode.swift; path = MeditationListModel.swift; sourceTree = "<group>"; };
		EA1D07D7205F4A84007D973A /* DailyExerciseContainerViewController.swift */ = {isa = PBXFileReference; lastKnownFileType = sourcecode.swift; path = DailyExerciseContainerViewController.swift; sourceTree = "<group>"; };
		EA2B19BE2055B4380088AAC5 /* PickerViewController.swift */ = {isa = PBXFileReference; lastKnownFileType = sourcecode.swift; path = PickerViewController.swift; sourceTree = "<group>"; };
		EA2B19C02055E2FC0088AAC5 /* MeditationTimesTableViewController.swift */ = {isa = PBXFileReference; lastKnownFileType = sourcecode.swift; path = MeditationTimesTableViewController.swift; sourceTree = "<group>"; };
		EA2B19C22055E7E70088AAC5 /* MeditationTimesModel.swift */ = {isa = PBXFileReference; lastKnownFileType = sourcecode.swift; path = MeditationTimesModel.swift; sourceTree = "<group>"; };
		EA3E5C082041467700CC7BCE /* OpeningViewController.swift */ = {isa = PBXFileReference; lastKnownFileType = sourcecode.swift; path = OpeningViewController.swift; sourceTree = "<group>"; };
		EA51069A2037ED1E003135BA /* SanFranciscoText-MediumItalic.otf */ = {isa = PBXFileReference; lastKnownFileType = file; path = "SanFranciscoText-MediumItalic.otf"; sourceTree = "<group>"; };
		EA51069B2037ED1E003135BA /* SanFranciscoDisplay-Medium.otf */ = {isa = PBXFileReference; lastKnownFileType = file; path = "SanFranciscoDisplay-Medium.otf"; sourceTree = "<group>"; };
		EA51069C2037ED1E003135BA /* SanFranciscoText-RegularItalic.otf */ = {isa = PBXFileReference; lastKnownFileType = file; path = "SanFranciscoText-RegularItalic.otf"; sourceTree = "<group>"; };
		EA51069D2037ED1F003135BA /* SanFranciscoText-Semibold.otf */ = {isa = PBXFileReference; lastKnownFileType = file; path = "SanFranciscoText-Semibold.otf"; sourceTree = "<group>"; };
		EA51069E2037ED1F003135BA /* SanFranciscoDisplay-Black.otf */ = {isa = PBXFileReference; lastKnownFileType = file; path = "SanFranciscoDisplay-Black.otf"; sourceTree = "<group>"; };
		EA51069F2037ED1F003135BA /* SanFranciscoDisplay-Regular.otf */ = {isa = PBXFileReference; lastKnownFileType = file; path = "SanFranciscoDisplay-Regular.otf"; sourceTree = "<group>"; };
		EA5106A02037ED1F003135BA /* SanFranciscoText-Regular.otf */ = {isa = PBXFileReference; lastKnownFileType = file; path = "SanFranciscoText-Regular.otf"; sourceTree = "<group>"; };
		EA5106A12037ED1F003135BA /* SanFranciscoText-BoldItalic.otf */ = {isa = PBXFileReference; lastKnownFileType = file; path = "SanFranciscoText-BoldItalic.otf"; sourceTree = "<group>"; };
		EA5106A22037ED1F003135BA /* SanFranciscoDisplay-Heavy.otf */ = {isa = PBXFileReference; lastKnownFileType = file; path = "SanFranciscoDisplay-Heavy.otf"; sourceTree = "<group>"; };
		EA5106A32037ED20003135BA /* SanFranciscoDisplay-Thin.otf */ = {isa = PBXFileReference; lastKnownFileType = file; path = "SanFranciscoDisplay-Thin.otf"; sourceTree = "<group>"; };
		EA5106A42037ED20003135BA /* SanFranciscoDisplay-Light.otf */ = {isa = PBXFileReference; lastKnownFileType = file; path = "SanFranciscoDisplay-Light.otf"; sourceTree = "<group>"; };
		EA5106A52037ED20003135BA /* SanFranciscoDisplay-Bold.otf */ = {isa = PBXFileReference; lastKnownFileType = file; path = "SanFranciscoDisplay-Bold.otf"; sourceTree = "<group>"; };
		EA5106A62037ED20003135BA /* SanFranciscoDisplay-Ultralight.otf */ = {isa = PBXFileReference; lastKnownFileType = file; path = "SanFranciscoDisplay-Ultralight.otf"; sourceTree = "<group>"; };
		EA5106A72037ED20003135BA /* SanFranciscoText-Light.otf */ = {isa = PBXFileReference; lastKnownFileType = file; path = "SanFranciscoText-Light.otf"; sourceTree = "<group>"; };
		EA5106A82037ED20003135BA /* SanFranciscoText-LightItalic.otf */ = {isa = PBXFileReference; lastKnownFileType = file; path = "SanFranciscoText-LightItalic.otf"; sourceTree = "<group>"; };
		EA5106A92037ED20003135BA /* SanFranciscoText-HeavyItalic.otf */ = {isa = PBXFileReference; lastKnownFileType = file; path = "SanFranciscoText-HeavyItalic.otf"; sourceTree = "<group>"; };
		EA5106AA2037ED20003135BA /* SanFranciscoText-Medium.otf */ = {isa = PBXFileReference; lastKnownFileType = file; path = "SanFranciscoText-Medium.otf"; sourceTree = "<group>"; };
		EA5106AB2037ED21003135BA /* SanFranciscoText-SemiboldItalic.otf */ = {isa = PBXFileReference; lastKnownFileType = file; path = "SanFranciscoText-SemiboldItalic.otf"; sourceTree = "<group>"; };
		EA5106AC2037ED21003135BA /* SanFranciscoText-Bold.otf */ = {isa = PBXFileReference; lastKnownFileType = file; path = "SanFranciscoText-Bold.otf"; sourceTree = "<group>"; };
		EA5106AD2037ED21003135BA /* SanFranciscoDisplay-Semibold.otf */ = {isa = PBXFileReference; lastKnownFileType = file; path = "SanFranciscoDisplay-Semibold.otf"; sourceTree = "<group>"; };
		EA5106AE2037ED21003135BA /* SanFranciscoText-Heavy.otf */ = {isa = PBXFileReference; lastKnownFileType = file; path = "SanFranciscoText-Heavy.otf"; sourceTree = "<group>"; };
		EA723E6F203005A600E09C48 /* MeditationListConfiguration.swift */ = {isa = PBXFileReference; lastKnownFileType = sourcecode.swift; path = MeditationListConfiguration.swift; sourceTree = "<group>"; };
		EA7BE0002038119700072AFE /* DailyExerciseViewController.swift */ = {isa = PBXFileReference; lastKnownFileType = sourcecode.swift; path = DailyExerciseViewController.swift; sourceTree = "<group>"; };
		EAC2F202203BA2A9007D97FC /* NotificationsReceiver.swift */ = {isa = PBXFileReference; lastKnownFileType = sourcecode.swift; path = NotificationsReceiver.swift; sourceTree = "<group>"; };
		EAC2F204203BAB5C007D97FC /* NotificationsVCProtocol.swift */ = {isa = PBXFileReference; lastKnownFileType = sourcecode.swift; path = NotificationsVCProtocol.swift; sourceTree = "<group>"; };
/* End PBXFileReference section */

/* Begin PBXFrameworksBuildPhase section */
		EA0FF05D2023FAE100688BC6 /* Frameworks */ = {
			isa = PBXFrameworksBuildPhase;
			buildActionMask = 2147483647;
			files = (
			);
			runOnlyForDeploymentPostprocessing = 0;
		};
		EA0FF0712023FAE200688BC6 /* Frameworks */ = {
			isa = PBXFrameworksBuildPhase;
			buildActionMask = 2147483647;
			files = (
			);
			runOnlyForDeploymentPostprocessing = 0;
		};
/* End PBXFrameworksBuildPhase section */

/* Begin PBXGroup section */
		EA0FF0572023FAE100688BC6 = {
			isa = PBXGroup;
			children = (
				EA0FF0622023FAE100688BC6 /* Marcus Jr. Meditations */,
				EA0FF0772023FAE200688BC6 /* Marcus Jr. MeditationsTests */,
				EA0FF0612023FAE100688BC6 /* Products */,
			);
			sourceTree = "<group>";
		};
		EA0FF0612023FAE100688BC6 /* Products */ = {
			isa = PBXGroup;
			children = (
				EA0FF0602023FAE100688BC6 /* Marcus Jr. Meditations.app */,
				EA0FF0742023FAE200688BC6 /* Marcus Jr. MeditationsTests.xctest */,
			);
			name = Products;
			sourceTree = "<group>";
		};
		EA0FF0622023FAE100688BC6 /* Marcus Jr. Meditations */ = {
			isa = PBXGroup;
			children = (
				EA0FF0632023FAE100688BC6 /* AppDelegate.swift */,
				EAC2F204203BAB5C007D97FC /* NotificationsVCProtocol.swift */,
				EAC2F200203BA1FF007D97FC /* Models */,
				EAC2F1FF203BA1DD007D97FC /* Views */,
				EAC2F1FE203BA194007D97FC /* View Controllers */,
				EAC2F201203BA22B007D97FC /* Other Controllers */,
				EA0FF06C2023FAE100688BC6 /* LaunchScreen.storyboard */,
				EA0FF06A2023FAE100688BC6 /* Assets.xcassets */,
				EA0FF06F2023FAE100688BC6 /* Info.plist */,
				EA0FF097202C181A00688BC6 /* Localizable.strings */,
				EA5106992037ECF5003135BA /* fonts */,
			);
			path = "Marcus Jr. Meditations";
			sourceTree = "<group>";
		};
		EA0FF0772023FAE200688BC6 /* Marcus Jr. MeditationsTests */ = {
			isa = PBXGroup;
			children = (
				EA0FF0782023FAE200688BC6 /* Marcus_Jr__MeditationsTests.swift */,
				EA0FF07A2023FAE200688BC6 /* Info.plist */,
			);
			path = "Marcus Jr. MeditationsTests";
			sourceTree = "<group>";
		};
		EA5106992037ECF5003135BA /* fonts */ = {
			isa = PBXGroup;
			children = (
				EA51069E2037ED1F003135BA /* SanFranciscoDisplay-Black.otf */,
				EA5106A52037ED20003135BA /* SanFranciscoDisplay-Bold.otf */,
				EA5106A22037ED1F003135BA /* SanFranciscoDisplay-Heavy.otf */,
				EA5106A42037ED20003135BA /* SanFranciscoDisplay-Light.otf */,
				EA51069B2037ED1E003135BA /* SanFranciscoDisplay-Medium.otf */,
				EA51069F2037ED1F003135BA /* SanFranciscoDisplay-Regular.otf */,
				EA5106AD2037ED21003135BA /* SanFranciscoDisplay-Semibold.otf */,
				EA5106A32037ED20003135BA /* SanFranciscoDisplay-Thin.otf */,
				EA5106A62037ED20003135BA /* SanFranciscoDisplay-Ultralight.otf */,
				EA5106AC2037ED21003135BA /* SanFranciscoText-Bold.otf */,
				EA5106A12037ED1F003135BA /* SanFranciscoText-BoldItalic.otf */,
				EA5106AE2037ED21003135BA /* SanFranciscoText-Heavy.otf */,
				EA5106A92037ED20003135BA /* SanFranciscoText-HeavyItalic.otf */,
				EA5106A72037ED20003135BA /* SanFranciscoText-Light.otf */,
				EA5106A82037ED20003135BA /* SanFranciscoText-LightItalic.otf */,
				EA5106AA2037ED20003135BA /* SanFranciscoText-Medium.otf */,
				EA51069A2037ED1E003135BA /* SanFranciscoText-MediumItalic.otf */,
				EA5106A02037ED1F003135BA /* SanFranciscoText-Regular.otf */,
				EA51069C2037ED1E003135BA /* SanFranciscoText-RegularItalic.otf */,
				EA51069D2037ED1F003135BA /* SanFranciscoText-Semibold.otf */,
				EA5106AB2037ED21003135BA /* SanFranciscoText-SemiboldItalic.otf */,
			);
			path = fonts;
			sourceTree = "<group>";
		};
		EAC2F1FE203BA194007D97FC /* View Controllers */ = {
			isa = PBXGroup;
			children = (
				EA3E5C082041467700CC7BCE /* OpeningViewController.swift */,
				EA0FF08520240CCF00688BC6 /* EmotionsViewController.swift */,
				EA0FF093202AC6B200688BC6 /* MeditationListTableController.swift */,
				EA1D07D7205F4A84007D973A /* DailyExerciseContainerViewController.swift */,
				EA7BE0002038119700072AFE /* DailyExerciseViewController.swift */,
				EA2B19BE2055B4380088AAC5 /* PickerViewController.swift */,
				EA2B19C02055E2FC0088AAC5 /* MeditationTimesTableViewController.swift */,
			);
			path = "View Controllers";
			sourceTree = "<group>";
		};
		EAC2F1FF203BA1DD007D97FC /* Views */ = {
			isa = PBXGroup;
			children = (
				EA0FF0892024141900688BC6 /* EmotionCell.swift */,
				EA0FF095202AE26400688BC6 /* DailyMeditationCell.swift */,
				EA0FF0672023FAE100688BC6 /* ChooseEmotion.storyboard */,
			);
			path = Views;
			sourceTree = "<group>";
		};
		EAC2F200203BA1FF007D97FC /* Models */ = {
			isa = PBXGroup;
			children = (
				EA0FF08F20241D3300688BC6 /* EmotionModel.swift */,
				EA723E6F203005A600E09C48 /* MeditationListConfiguration.swift */,
				EA2B19C22055E7E70088AAC5 /* MeditationTimesModel.swift */,
				EA1D07D3205DD19E007D973A /* MeditationModel.swift */,
				EA1D07D5205EED7C007D973A /* MeditationListModel.swift */,
			);
			path = Models;
			sourceTree = "<group>";
		};
		EAC2F201203BA22B007D97FC /* Other Controllers */ = {
			isa = PBXGroup;
			children = (
				EAC2F202203BA2A9007D97FC /* NotificationsReceiver.swift */,
			);
			path = "Other Controllers";
			sourceTree = "<group>";
		};
/* End PBXGroup section */

/* Begin PBXNativeTarget section */
		EA0FF05F2023FAE100688BC6 /* Marcus Jr. Meditations */ = {
			isa = PBXNativeTarget;
			buildConfigurationList = EA0FF07D2023FAE200688BC6 /* Build configuration list for PBXNativeTarget "Marcus Jr. Meditations" */;
			buildPhases = (
				EA0FF05C2023FAE100688BC6 /* Sources */,
				EA0FF05D2023FAE100688BC6 /* Frameworks */,
				EA0FF05E2023FAE100688BC6 /* Resources */,
			);
			buildRules = (
			);
			dependencies = (
			);
			name = "Marcus Jr. Meditations";
			productName = "Marcus Jr. Meditations";
			productReference = EA0FF0602023FAE100688BC6 /* Marcus Jr. Meditations.app */;
			productType = "com.apple.product-type.application";
		};
		EA0FF0732023FAE200688BC6 /* Marcus Jr. MeditationsTests */ = {
			isa = PBXNativeTarget;
			buildConfigurationList = EA0FF0802023FAE200688BC6 /* Build configuration list for PBXNativeTarget "Marcus Jr. MeditationsTests" */;
			buildPhases = (
				EA0FF0702023FAE200688BC6 /* Sources */,
				EA0FF0712023FAE200688BC6 /* Frameworks */,
				EA0FF0722023FAE200688BC6 /* Resources */,
			);
			buildRules = (
			);
			dependencies = (
				EA0FF0762023FAE200688BC6 /* PBXTargetDependency */,
			);
			name = "Marcus Jr. MeditationsTests";
			productName = "Marcus Jr. MeditationsTests";
			productReference = EA0FF0742023FAE200688BC6 /* Marcus Jr. MeditationsTests.xctest */;
			productType = "com.apple.product-type.bundle.unit-test";
		};
/* End PBXNativeTarget section */

/* Begin PBXProject section */
		EA0FF0582023FAE100688BC6 /* Project object */ = {
			isa = PBXProject;
			attributes = {
				LastSwiftUpdateCheck = 0920;
				LastUpgradeCheck = 0920;
				ORGANIZATIONNAME = "Andrew Fruth";
				TargetAttributes = {
					EA0FF05F2023FAE100688BC6 = {
						CreatedOnToolsVersion = 9.2;
						ProvisioningStyle = Automatic;
					};
					EA0FF0732023FAE200688BC6 = {
						CreatedOnToolsVersion = 9.2;
						ProvisioningStyle = Automatic;
						TestTargetID = EA0FF05F2023FAE100688BC6;
					};
				};
			};
			buildConfigurationList = EA0FF05B2023FAE100688BC6 /* Build configuration list for PBXProject "Marcus Jr. Meditations" */;
			compatibilityVersion = "Xcode 8.0";
			developmentRegion = en;
			hasScannedForEncodings = 0;
			knownRegions = (
				en,
				Base,
			);
			mainGroup = EA0FF0572023FAE100688BC6;
			productRefGroup = EA0FF0612023FAE100688BC6 /* Products */;
			projectDirPath = "";
			projectRoot = "";
			targets = (
				EA0FF05F2023FAE100688BC6 /* Marcus Jr. Meditations */,
				EA0FF0732023FAE200688BC6 /* Marcus Jr. MeditationsTests */,
			);
		};
/* End PBXProject section */

/* Begin PBXResourcesBuildPhase section */
		EA0FF05E2023FAE100688BC6 /* Resources */ = {
			isa = PBXResourcesBuildPhase;
			buildActionMask = 2147483647;
			files = (
				EA5106B52037ED21003135BA /* SanFranciscoText-Regular.otf in Resources */,
				EA5106BA2037ED21003135BA /* SanFranciscoDisplay-Bold.otf in Resources */,
				EA5106B82037ED21003135BA /* SanFranciscoDisplay-Thin.otf in Resources */,
				EA5106B62037ED21003135BA /* SanFranciscoText-BoldItalic.otf in Resources */,
				EA5106BF2037ED21003135BA /* SanFranciscoText-Medium.otf in Resources */,
				EA5106B32037ED21003135BA /* SanFranciscoDisplay-Black.otf in Resources */,
				EA5106C22037ED21003135BA /* SanFranciscoDisplay-Semibold.otf in Resources */,
				EA5106B72037ED21003135BA /* SanFranciscoDisplay-Heavy.otf in Resources */,
				EA5106B42037ED21003135BA /* SanFranciscoDisplay-Regular.otf in Resources */,
				EA0FF06E2023FAE100688BC6 /* LaunchScreen.storyboard in Resources */,
				EA5106BE2037ED21003135BA /* SanFranciscoText-HeavyItalic.otf in Resources */,
				EA5106B92037ED21003135BA /* SanFranciscoDisplay-Light.otf in Resources */,
				EA5106C12037ED21003135BA /* SanFranciscoText-Bold.otf in Resources */,
				EA5106B02037ED21003135BA /* SanFranciscoDisplay-Medium.otf in Resources */,
				EA5106BD2037ED21003135BA /* SanFranciscoText-LightItalic.otf in Resources */,
				EA5106C02037ED21003135BA /* SanFranciscoText-SemiboldItalic.otf in Resources */,
				EA5106BB2037ED21003135BA /* SanFranciscoDisplay-Ultralight.otf in Resources */,
				EA0FF098202C181A00688BC6 /* Localizable.strings in Resources */,
				EA5106B12037ED21003135BA /* SanFranciscoText-RegularItalic.otf in Resources */,
				EA5106BC2037ED21003135BA /* SanFranciscoText-Light.otf in Resources */,
				EA5106C32037ED21003135BA /* SanFranciscoText-Heavy.otf in Resources */,
				EA0FF06B2023FAE100688BC6 /* Assets.xcassets in Resources */,
				EA0FF0692023FAE100688BC6 /* ChooseEmotion.storyboard in Resources */,
				EA5106AF2037ED21003135BA /* SanFranciscoText-MediumItalic.otf in Resources */,
				EA5106B22037ED21003135BA /* SanFranciscoText-Semibold.otf in Resources */,
			);
			runOnlyForDeploymentPostprocessing = 0;
		};
		EA0FF0722023FAE200688BC6 /* Resources */ = {
			isa = PBXResourcesBuildPhase;
			buildActionMask = 2147483647;
			files = (
			);
			runOnlyForDeploymentPostprocessing = 0;
		};
/* End PBXResourcesBuildPhase section */

/* Begin PBXSourcesBuildPhase section */
		EA0FF05C2023FAE100688BC6 /* Sources */ = {
			isa = PBXSourcesBuildPhase;
			buildActionMask = 2147483647;
			files = (
				EAC2F205203BAB5D007D97FC /* NotificationsVCProtocol.swift in Sources */,
				EA1D07D8205F4A84007D973A /* DailyExerciseContainerViewController.swift in Sources */,
				EA3E5C092041467700CC7BCE /* OpeningViewController.swift in Sources */,
				EA0FF08620240CCF00688BC6 /* EmotionsViewController.swift in Sources */,
				EA2B19BF2055B4380088AAC5 /* PickerViewController.swift in Sources */,
				EA2B19C12055E2FC0088AAC5 /* MeditationTimesTableViewController.swift in Sources */,
				EA0FF0642023FAE100688BC6 /* AppDelegate.swift in Sources */,
				EA0FF094202AC6B200688BC6 /* MeditationListTableController.swift in Sources */,
				EA1D07D6205EED7C007D973A /* MeditationListModel.swift in Sources */,
				EA723E70203005A600E09C48 /* MeditationListConfiguration.swift in Sources */,
				EAC2F203203BA2A9007D97FC /* NotificationsReceiver.swift in Sources */,
				EA2B19C32055E7E70088AAC5 /* MeditationTimesModel.swift in Sources */,
				EA0FF096202AE26400688BC6 /* DailyMeditationCell.swift in Sources */,
				EA0FF08B2024141900688BC6 /* EmotionCell.swift in Sources */,
				EA7BE0012038119700072AFE /* DailyExerciseViewController.swift in Sources */,
				EA0FF09020241D3300688BC6 /* EmotionModel.swift in Sources */,
				EA1D07D4205DD19E007D973A /* MeditationModel.swift in Sources */,
			);
			runOnlyForDeploymentPostprocessing = 0;
		};
		EA0FF0702023FAE200688BC6 /* Sources */ = {
			isa = PBXSourcesBuildPhase;
			buildActionMask = 2147483647;
			files = (
				EA0FF0792023FAE200688BC6 /* Marcus_Jr__MeditationsTests.swift in Sources */,
			);
			runOnlyForDeploymentPostprocessing = 0;
		};
/* End PBXSourcesBuildPhase section */

/* Begin PBXTargetDependency section */
		EA0FF0762023FAE200688BC6 /* PBXTargetDependency */ = {
			isa = PBXTargetDependency;
			target = EA0FF05F2023FAE100688BC6 /* Marcus Jr. Meditations */;
			targetProxy = EA0FF0752023FAE200688BC6 /* PBXContainerItemProxy */;
		};
/* End PBXTargetDependency section */

/* Begin PBXVariantGroup section */
		EA0FF0672023FAE100688BC6 /* ChooseEmotion.storyboard */ = {
			isa = PBXVariantGroup;
			children = (
				EA0FF0682023FAE100688BC6 /* Base */,
			);
			name = ChooseEmotion.storyboard;
			sourceTree = "<group>";
		};
		EA0FF06C2023FAE100688BC6 /* LaunchScreen.storyboard */ = {
			isa = PBXVariantGroup;
			children = (
				EA0FF06D2023FAE100688BC6 /* Base */,
			);
			name = LaunchScreen.storyboard;
			sourceTree = "<group>";
		};
/* End PBXVariantGroup section */

/* Begin XCBuildConfiguration section */
		EA0FF07B2023FAE200688BC6 /* Debug */ = {
			isa = XCBuildConfiguration;
			buildSettings = {
				ALWAYS_SEARCH_USER_PATHS = NO;
				CLANG_ANALYZER_NONNULL = YES;
				CLANG_ANALYZER_NUMBER_OBJECT_CONVERSION = YES_AGGRESSIVE;
				CLANG_CXX_LANGUAGE_STANDARD = "gnu++14";
				CLANG_CXX_LIBRARY = "libc++";
				CLANG_ENABLE_MODULES = YES;
				CLANG_ENABLE_OBJC_ARC = YES;
				CLANG_WARN_BLOCK_CAPTURE_AUTORELEASING = YES;
				CLANG_WARN_BOOL_CONVERSION = YES;
				CLANG_WARN_COMMA = YES;
				CLANG_WARN_CONSTANT_CONVERSION = YES;
				CLANG_WARN_DIRECT_OBJC_ISA_USAGE = YES_ERROR;
				CLANG_WARN_DOCUMENTATION_COMMENTS = YES;
				CLANG_WARN_EMPTY_BODY = YES;
				CLANG_WARN_ENUM_CONVERSION = YES;
				CLANG_WARN_INFINITE_RECURSION = YES;
				CLANG_WARN_INT_CONVERSION = YES;
				CLANG_WARN_NON_LITERAL_NULL_CONVERSION = YES;
				CLANG_WARN_OBJC_LITERAL_CONVERSION = YES;
				CLANG_WARN_OBJC_ROOT_CLASS = YES_ERROR;
				CLANG_WARN_RANGE_LOOP_ANALYSIS = YES;
				CLANG_WARN_STRICT_PROTOTYPES = YES;
				CLANG_WARN_SUSPICIOUS_MOVE = YES;
				CLANG_WARN_UNGUARDED_AVAILABILITY = YES_AGGRESSIVE;
				CLANG_WARN_UNREACHABLE_CODE = YES;
				CLANG_WARN__DUPLICATE_METHOD_MATCH = YES;
				CODE_SIGN_IDENTITY = "iPhone Developer";
				COPY_PHASE_STRIP = NO;
				DEBUG_INFORMATION_FORMAT = dwarf;
				ENABLE_STRICT_OBJC_MSGSEND = YES;
				ENABLE_TESTABILITY = YES;
				GCC_C_LANGUAGE_STANDARD = gnu11;
				GCC_DYNAMIC_NO_PIC = NO;
				GCC_NO_COMMON_BLOCKS = YES;
				GCC_OPTIMIZATION_LEVEL = 0;
				GCC_PREPROCESSOR_DEFINITIONS = (
					"DEBUG=1",
					"$(inherited)",
				);
				GCC_WARN_64_TO_32_BIT_CONVERSION = YES;
				GCC_WARN_ABOUT_RETURN_TYPE = YES_ERROR;
				GCC_WARN_UNDECLARED_SELECTOR = YES;
				GCC_WARN_UNINITIALIZED_AUTOS = YES_AGGRESSIVE;
				GCC_WARN_UNUSED_FUNCTION = YES;
				GCC_WARN_UNUSED_VARIABLE = YES;
				IPHONEOS_DEPLOYMENT_TARGET = 11.2;
				MTL_ENABLE_DEBUG_INFO = YES;
				ONLY_ACTIVE_ARCH = YES;
				SDKROOT = iphoneos;
				SWIFT_ACTIVE_COMPILATION_CONDITIONS = DEBUG;
				SWIFT_OPTIMIZATION_LEVEL = "-Onone";
			};
			name = Debug;
		};
		EA0FF07C2023FAE200688BC6 /* Release */ = {
			isa = XCBuildConfiguration;
			buildSettings = {
				ALWAYS_SEARCH_USER_PATHS = NO;
				CLANG_ANALYZER_NONNULL = YES;
				CLANG_ANALYZER_NUMBER_OBJECT_CONVERSION = YES_AGGRESSIVE;
				CLANG_CXX_LANGUAGE_STANDARD = "gnu++14";
				CLANG_CXX_LIBRARY = "libc++";
				CLANG_ENABLE_MODULES = YES;
				CLANG_ENABLE_OBJC_ARC = YES;
				CLANG_WARN_BLOCK_CAPTURE_AUTORELEASING = YES;
				CLANG_WARN_BOOL_CONVERSION = YES;
				CLANG_WARN_COMMA = YES;
				CLANG_WARN_CONSTANT_CONVERSION = YES;
				CLANG_WARN_DIRECT_OBJC_ISA_USAGE = YES_ERROR;
				CLANG_WARN_DOCUMENTATION_COMMENTS = YES;
				CLANG_WARN_EMPTY_BODY = YES;
				CLANG_WARN_ENUM_CONVERSION = YES;
				CLANG_WARN_INFINITE_RECURSION = YES;
				CLANG_WARN_INT_CONVERSION = YES;
				CLANG_WARN_NON_LITERAL_NULL_CONVERSION = YES;
				CLANG_WARN_OBJC_LITERAL_CONVERSION = YES;
				CLANG_WARN_OBJC_ROOT_CLASS = YES_ERROR;
				CLANG_WARN_RANGE_LOOP_ANALYSIS = YES;
				CLANG_WARN_STRICT_PROTOTYPES = YES;
				CLANG_WARN_SUSPICIOUS_MOVE = YES;
				CLANG_WARN_UNGUARDED_AVAILABILITY = YES_AGGRESSIVE;
				CLANG_WARN_UNREACHABLE_CODE = YES;
				CLANG_WARN__DUPLICATE_METHOD_MATCH = YES;
				CODE_SIGN_IDENTITY = "iPhone Developer";
				COPY_PHASE_STRIP = NO;
				DEBUG_INFORMATION_FORMAT = "dwarf-with-dsym";
				ENABLE_NS_ASSERTIONS = NO;
				ENABLE_STRICT_OBJC_MSGSEND = YES;
				GCC_C_LANGUAGE_STANDARD = gnu11;
				GCC_NO_COMMON_BLOCKS = YES;
				GCC_WARN_64_TO_32_BIT_CONVERSION = YES;
				GCC_WARN_ABOUT_RETURN_TYPE = YES_ERROR;
				GCC_WARN_UNDECLARED_SELECTOR = YES;
				GCC_WARN_UNINITIALIZED_AUTOS = YES_AGGRESSIVE;
				GCC_WARN_UNUSED_FUNCTION = YES;
				GCC_WARN_UNUSED_VARIABLE = YES;
				IPHONEOS_DEPLOYMENT_TARGET = 11.2;
				MTL_ENABLE_DEBUG_INFO = NO;
				SDKROOT = iphoneos;
				SWIFT_OPTIMIZATION_LEVEL = "-Owholemodule";
				VALIDATE_PRODUCT = YES;
			};
			name = Release;
		};
		EA0FF07E2023FAE200688BC6 /* Debug */ = {
			isa = XCBuildConfiguration;
			buildSettings = {
				ASSETCATALOG_COMPILER_APPICON_NAME = AppIcon;
				CODE_SIGN_STYLE = Automatic;
				DEVELOPMENT_TEAM = L6677SELQ2;
				INFOPLIST_FILE = "Marcus Jr. Meditations/Info.plist";
				LD_RUNPATH_SEARCH_PATHS = "$(inherited) @executable_path/Frameworks";
				PRODUCT_BUNDLE_IDENTIFIER = "com.andrew.fruth.Marcus-Jr--Meditations";
				PRODUCT_NAME = "$(TARGET_NAME)";
				SWIFT_VERSION = 4.0;
				TARGETED_DEVICE_FAMILY = "1,2";
			};
			name = Debug;
		};
		EA0FF07F2023FAE200688BC6 /* Release */ = {
			isa = XCBuildConfiguration;
			buildSettings = {
				ASSETCATALOG_COMPILER_APPICON_NAME = AppIcon;
				CODE_SIGN_STYLE = Automatic;
				DEVELOPMENT_TEAM = L6677SELQ2;
				INFOPLIST_FILE = "Marcus Jr. Meditations/Info.plist";
				LD_RUNPATH_SEARCH_PATHS = "$(inherited) @executable_path/Frameworks";
				PRODUCT_BUNDLE_IDENTIFIER = "com.andrew.fruth.Marcus-Jr--Meditations";
				PRODUCT_NAME = "$(TARGET_NAME)";
				SWIFT_VERSION = 4.0;
				TARGETED_DEVICE_FAMILY = "1,2";
			};
			name = Release;
		};
		EA0FF0812023FAE200688BC6 /* Debug */ = {
			isa = XCBuildConfiguration;
			buildSettings = {
				ALWAYS_EMBED_SWIFT_STANDARD_LIBRARIES = YES;
				BUNDLE_LOADER = "$(TEST_HOST)";
				CODE_SIGN_STYLE = Automatic;
				DEVELOPMENT_TEAM = L6677SELQ2;
				INFOPLIST_FILE = "Marcus Jr. MeditationsTests/Info.plist";
				LD_RUNPATH_SEARCH_PATHS = "$(inherited) @executable_path/Frameworks @loader_path/Frameworks";
				PRODUCT_BUNDLE_IDENTIFIER = "com.andrew.fruth.Marcus-Jr--MeditationsTests";
				PRODUCT_NAME = "$(TARGET_NAME)";
				SWIFT_VERSION = 4.0;
				TARGETED_DEVICE_FAMILY = "1,2";
				TEST_HOST = "$(BUILT_PRODUCTS_DIR)/Marcus Jr. Meditations.app/Marcus Jr. Meditations";
			};
			name = Debug;
		};
		EA0FF0822023FAE200688BC6 /* Release */ = {
			isa = XCBuildConfiguration;
			buildSettings = {
				ALWAYS_EMBED_SWIFT_STANDARD_LIBRARIES = YES;
				BUNDLE_LOADER = "$(TEST_HOST)";
				CODE_SIGN_STYLE = Automatic;
				DEVELOPMENT_TEAM = L6677SELQ2;
				INFOPLIST_FILE = "Marcus Jr. MeditationsTests/Info.plist";
				LD_RUNPATH_SEARCH_PATHS = "$(inherited) @executable_path/Frameworks @loader_path/Frameworks";
				PRODUCT_BUNDLE_IDENTIFIER = "com.andrew.fruth.Marcus-Jr--MeditationsTests";
				PRODUCT_NAME = "$(TARGET_NAME)";
				SWIFT_VERSION = 4.0;
				TARGETED_DEVICE_FAMILY = "1,2";
				TEST_HOST = "$(BUILT_PRODUCTS_DIR)/Marcus Jr. Meditations.app/Marcus Jr. Meditations";
			};
			name = Release;
		};
/* End XCBuildConfiguration section */

/* Begin XCConfigurationList section */
		EA0FF05B2023FAE100688BC6 /* Build configuration list for PBXProject "Marcus Jr. Meditations" */ = {
			isa = XCConfigurationList;
			buildConfigurations = (
				EA0FF07B2023FAE200688BC6 /* Debug */,
				EA0FF07C2023FAE200688BC6 /* Release */,
			);
			defaultConfigurationIsVisible = 0;
			defaultConfigurationName = Release;
		};
		EA0FF07D2023FAE200688BC6 /* Build configuration list for PBXNativeTarget "Marcus Jr. Meditations" */ = {
			isa = XCConfigurationList;
			buildConfigurations = (
				EA0FF07E2023FAE200688BC6 /* Debug */,
				EA0FF07F2023FAE200688BC6 /* Release */,
			);
			defaultConfigurationIsVisible = 0;
			defaultConfigurationName = Release;
		};
		EA0FF0802023FAE200688BC6 /* Build configuration list for PBXNativeTarget "Marcus Jr. MeditationsTests" */ = {
			isa = XCConfigurationList;
			buildConfigurations = (
				EA0FF0812023FAE200688BC6 /* Debug */,
				EA0FF0822023FAE200688BC6 /* Release */,
			);
			defaultConfigurationIsVisible = 0;
			defaultConfigurationName = Release;
		};
/* End XCConfigurationList section */
	};
	rootObject = EA0FF0582023FAE100688BC6 /* Project object */;
}
